// !$*UTF8*$!
{
	archiveVersion = 1;
	classes = {
	};
	objectVersion = 77;
	objects = {

/* Begin PBXContainerItemProxy section */
		5C3D7ACC2E88BF2600949B4F /* PBXContainerItemProxy */ = {
			isa = PBXContainerItemProxy;
			containerPortal = 5C3D7AB22E88BF2500949B4F /* Project object */;
			proxyType = 1;
			remoteGlobalIDString = 5C3D7AB92E88BF2500949B4F;
			remoteInfo = cards;
		};
		5C3D7AD62E88BF2600949B4F /* PBXContainerItemProxy */ = {
			isa = PBXContainerItemProxy;
			containerPortal = 5C3D7AB22E88BF2500949B4F /* Project object */;
			proxyType = 1;
			remoteGlobalIDString = 5C3D7AB92E88BF2500949B4F;
			remoteInfo = cards;
		};
/* End PBXContainerItemProxy section */

/* Begin PBXFileReference section */
		5C3D7ABA2E88BF2500949B4F /* cards.app */ = {isa = PBXFileReference; explicitFileType = wrapper.application; includeInIndex = 0; path = cards.app; sourceTree = BUILT_PRODUCTS_DIR; };
		5C3D7ACB2E88BF2600949B4F /* cardsTests.xctest */ = {isa = PBXFileReference; explicitFileType = wrapper.cfbundle; includeInIndex = 0; path = cardsTests.xctest; sourceTree = BUILT_PRODUCTS_DIR; };
		5C3D7AD52E88BF2600949B4F /* cardsUITests.xctest */ = {isa = PBXFileReference; explicitFileType = wrapper.cfbundle; includeInIndex = 0; path = cardsUITests.xctest; sourceTree = BUILT_PRODUCTS_DIR; };
/* End PBXFileReference section */

/* Begin PBXFileSystemSynchronizedRootGroup section */
		5C3D7ABC2E88BF2500949B4F /* cards */ = {
			isa = PBXFileSystemSynchronizedRootGroup;
			path = cards;
			sourceTree = "<group>";
		};
		5C3D7ACE2E88BF2600949B4F /* cardsTests */ = {
			isa = PBXFileSystemSynchronizedRootGroup;
			path = cardsTests;
			sourceTree = "<group>";
		};
		5C3D7AD82E88BF2600949B4F /* cardsUITests */ = {
			isa = PBXFileSystemSynchronizedRootGroup;
			path = cardsUITests;
			sourceTree = "<group>";
		};
		5C3D7AF22E88DB7500949B4F /* Rules */ = {
			isa = PBXFileSystemSynchronizedRootGroup;
			path = Rules;
			sourceTree = "<group>";
		};
		5C70E34B2EA38F6700AF08B1 /* Game */ = {
			isa = PBXFileSystemSynchronizedRootGroup;
			path = Game;
			sourceTree = "<group>";
		};
		5C70E35C2EA38FFB00AF08B1 /* Models */ = {
			isa = PBXFileSystemSynchronizedRootGroup;
			path = Models;
			sourceTree = "<group>";
		};
		5C70E3632EA391A700AF08B1 /* Utils */ = {
			isa = PBXFileSystemSynchronizedRootGroup;
			path = Utils;
			sourceTree = "<group>";
		};
		5C70E3842EA3921300AF08B1 /* UI */ = {
			isa = PBXFileSystemSynchronizedRootGroup;
			path = UI;
			sourceTree = "<group>";
		};
/* End PBXFileSystemSynchronizedRootGroup section */

/* Begin PBXFrameworksBuildPhase section */
		5C3D7AB72E88BF2500949B4F /* Frameworks */ = {
			isa = PBXFrameworksBuildPhase;
			buildActionMask = 2147483647;
			files = (
			);
			runOnlyForDeploymentPostprocessing = 0;
		};
		5C3D7AC82E88BF2600949B4F /* Frameworks */ = {
			isa = PBXFrameworksBuildPhase;
			buildActionMask = 2147483647;
			files = (
			);
			runOnlyForDeploymentPostprocessing = 0;
		};
		5C3D7AD22E88BF2600949B4F /* Frameworks */ = {
			isa = PBXFrameworksBuildPhase;
			buildActionMask = 2147483647;
			files = (
			);
			runOnlyForDeploymentPostprocessing = 0;
		};
/* End PBXFrameworksBuildPhase section */

/* Begin PBXGroup section */
		5C3D7AB12E88BF2500949B4F = {
			isa = PBXGroup;
			children = (
				5C3D7ABC2E88BF2500949B4F /* cards */,
				5C70E35C2EA38FFB00AF08B1 /* Models */,
				5C70E34B2EA38F6700AF08B1 /* Game */,
				5C3D7AF22E88DB7500949B4F /* Rules */,
				5C70E3632EA391A700AF08B1 /* Utils */,
				5C70E3842EA3921300AF08B1 /* UI */,
				5C3D7ACE2E88BF2600949B4F /* cardsTests */,
				5C3D7AD82E88BF2600949B4F /* cardsUITests */,
				5C3D7ABB2E88BF2500949B4F /* Products */,
			);
			sourceTree = "<group>";
		};
		5C3D7ABB2E88BF2500949B4F /* Products */ = {
			isa = PBXGroup;
			children = (
				5C3D7ABA2E88BF2500949B4F /* cards.app */,
				5C3D7ACB2E88BF2600949B4F /* cardsTests.xctest */,
				5C3D7AD52E88BF2600949B4F /* cardsUITests.xctest */,
			);
			name = Products;
			sourceTree = "<group>";
		};
/* End PBXGroup section */

/* Begin PBXNativeTarget section */
		5C3D7AB92E88BF2500949B4F /* cards */ = {
			isa = PBXNativeTarget;
			buildConfigurationList = 5C3D7ADF2E88BF2600949B4F /* Build configuration list for PBXNativeTarget "cards" */;
			buildPhases = (
				5C3D7AB62E88BF2500949B4F /* Sources */,
				5C3D7AB72E88BF2500949B4F /* Frameworks */,
				5C3D7AB82E88BF2500949B4F /* Resources */,
			);
			buildRules = (
			);
			dependencies = (
			);
			fileSystemSynchronizedGroups = (
				5C3D7ABC2E88BF2500949B4F /* cards */,
				5C3D7AF22E88DB7500949B4F /* Rules */,
				5C70E34B2EA38F6700AF08B1 /* Game */,
				5C70E35C2EA38FFB00AF08B1 /* Models */,
				5C70E3632EA391A700AF08B1 /* Utils */,
				5C70E3842EA3921300AF08B1 /* UI */,
			);
			name = cards;
			packageProductDependencies = (
			);
			productName = cards;
			productReference = 5C3D7ABA2E88BF2500949B4F /* cards.app */;
			productType = "com.apple.product-type.application";
		};
		5C3D7ACA2E88BF2600949B4F /* cardsTests */ = {
			isa = PBXNativeTarget;
			buildConfigurationList = 5C3D7AE22E88BF2600949B4F /* Build configuration list for PBXNativeTarget "cardsTests" */;
			buildPhases = (
				5C3D7AC72E88BF2600949B4F /* Sources */,
				5C3D7AC82E88BF2600949B4F /* Frameworks */,
				5C3D7AC92E88BF2600949B4F /* Resources */,
			);
			buildRules = (
			);
			dependencies = (
				5C3D7ACD2E88BF2600949B4F /* PBXTargetDependency */,
			);
			fileSystemSynchronizedGroups = (
				5C3D7ACE2E88BF2600949B4F /* cardsTests */,
			);
			name = cardsTests;
			packageProductDependencies = (
			);
			productName = cardsTests;
			productReference = 5C3D7ACB2E88BF2600949B4F /* cardsTests.xctest */;
			productType = "com.apple.product-type.bundle.unit-test";
		};
		5C3D7AD42E88BF2600949B4F /* cardsUITests */ = {
			isa = PBXNativeTarget;
			buildConfigurationList = 5C3D7AE52E88BF2600949B4F /* Build configuration list for PBXNativeTarget "cardsUITests" */;
			buildPhases = (
				5C3D7AD12E88BF2600949B4F /* Sources */,
				5C3D7AD22E88BF2600949B4F /* Frameworks */,
				5C3D7AD32E88BF2600949B4F /* Resources */,
			);
			buildRules = (
			);
			dependencies = (
				5C3D7AD72E88BF2600949B4F /* PBXTargetDependency */,
			);
			fileSystemSynchronizedGroups = (
				5C3D7AD82E88BF2600949B4F /* cardsUITests */,
			);
			name = cardsUITests;
			packageProductDependencies = (
			);
			productName = cardsUITests;
			productReference = 5C3D7AD52E88BF2600949B4F /* cardsUITests.xctest */;
			productType = "com.apple.product-type.bundle.ui-testing";
		};
/* End PBXNativeTarget section */

/* Begin PBXProject section */
		5C3D7AB22E88BF2500949B4F /* Project object */ = {
			isa = PBXProject;
			attributes = {
				BuildIndependentTargetsInParallel = 1;
				LastSwiftUpdateCheck = 1620;
				LastUpgradeCheck = 1620;
				TargetAttributes = {
					5C3D7AB92E88BF2500949B4F = {
						CreatedOnToolsVersion = 16.2;
					};
					5C3D7ACA2E88BF2600949B4F = {
						CreatedOnToolsVersion = 16.2;
						TestTargetID = 5C3D7AB92E88BF2500949B4F;
					};
					5C3D7AD42E88BF2600949B4F = {
						CreatedOnToolsVersion = 16.2;
						TestTargetID = 5C3D7AB92E88BF2500949B4F;
					};
				};
			};
			buildConfigurationList = 5C3D7AB52E88BF2500949B4F /* Build configuration list for PBXProject "cards" */;
			developmentRegion = en;
			hasScannedForEncodings = 0;
			knownRegions = (
				en,
				Base,
			);
			mainGroup = 5C3D7AB12E88BF2500949B4F;
			minimizedProjectReferenceProxies = 1;
			preferredProjectObjectVersion = 77;
			productRefGroup = 5C3D7ABB2E88BF2500949B4F /* Products */;
			projectDirPath = "";
			projectRoot = "";
			targets = (
				5C3D7AB92E88BF2500949B4F /* cards */,
				5C3D7ACA2E88BF2600949B4F /* cardsTests */,
				5C3D7AD42E88BF2600949B4F /* cardsUITests */,
			);
		};
/* End PBXProject section */

/* Begin PBXResourcesBuildPhase section */
		5C3D7AB82E88BF2500949B4F /* Resources */ = {
			isa = PBXResourcesBuildPhase;
			buildActionMask = 2147483647;
			files = (
			);
			runOnlyForDeploymentPostprocessing = 0;
		};
		5C3D7AC92E88BF2600949B4F /* Resources */ = {
			isa = PBXResourcesBuildPhase;
			buildActionMask = 2147483647;
			files = (
			);
			runOnlyForDeploymentPostprocessing = 0;
		};
		5C3D7AD32E88BF2600949B4F /* Resources */ = {
			isa = PBXResourcesBuildPhase;
			buildActionMask = 2147483647;
			files = (
			);
			runOnlyForDeploymentPostprocessing = 0;
		};
/* End PBXResourcesBuildPhase section */

/* Begin PBXSourcesBuildPhase section */
		5C3D7AB62E88BF2500949B4F /* Sources */ = {
			isa = PBXSourcesBuildPhase;
			buildActionMask = 2147483647;
			files = (
			);
			runOnlyForDeploymentPostprocessing = 0;
		};
		5C3D7AC72E88BF2600949B4F /* Sources */ = {
			isa = PBXSourcesBuildPhase;
			buildActionMask = 2147483647;
			files = (
			);
			runOnlyForDeploymentPostprocessing = 0;
		};
		5C3D7AD12E88BF2600949B4F /* Sources */ = {
			isa = PBXSourcesBuildPhase;
			buildActionMask = 2147483647;
			files = (
			);
			runOnlyForDeploymentPostprocessing = 0;
		};
/* End PBXSourcesBuildPhase section */

/* Begin PBXTargetDependency section */
		5C3D7ACD2E88BF2600949B4F /* PBXTargetDependency */ = {
			isa = PBXTargetDependency;
			target = 5C3D7AB92E88BF2500949B4F /* cards */;
			targetProxy = 5C3D7ACC2E88BF2600949B4F /* PBXContainerItemProxy */;
		};
		5C3D7AD72E88BF2600949B4F /* PBXTargetDependency */ = {
			isa = PBXTargetDependency;
			target = 5C3D7AB92E88BF2500949B4F /* cards */;
			targetProxy = 5C3D7AD62E88BF2600949B4F /* PBXContainerItemProxy */;
		};
/* End PBXTargetDependency section */

/* Begin XCBuildConfiguration section */
		5C3D7ADD2E88BF2600949B4F /* Debug */ = {
			isa = XCBuildConfiguration;
			buildSettings = {
				ALWAYS_SEARCH_USER_PATHS = NO;
				ASSETCATALOG_COMPILER_GENERATE_SWIFT_ASSET_SYMBOL_EXTENSIONS = YES;
				CLANG_ANALYZER_NONNULL = YES;
				CLANG_ANALYZER_NUMBER_OBJECT_CONVERSION = YES_AGGRESSIVE;
				CLANG_CXX_LANGUAGE_STANDARD = "gnu++20";
				CLANG_ENABLE_MODULES = YES;
				CLANG_ENABLE_OBJC_ARC = YES;
				CLANG_ENABLE_OBJC_WEAK = YES;
				CLANG_WARN_BLOCK_CAPTURE_AUTORELEASING = YES;
				CLANG_WARN_BOOL_CONVERSION = YES;
				CLANG_WARN_COMMA = YES;
				CLANG_WARN_CONSTANT_CONVERSION = YES;
				CLANG_WARN_DEPRECATED_OBJC_IMPLEMENTATIONS = YES;
				CLANG_WARN_DIRECT_OBJC_ISA_USAGE = YES_ERROR;
				CLANG_WARN_DOCUMENTATION_COMMENTS = YES;
				CLANG_WARN_EMPTY_BODY = YES;
				CLANG_WARN_ENUM_CONVERSION = YES;
				CLANG_WARN_INFINITE_RECURSION = YES;
				CLANG_WARN_INT_CONVERSION = YES;
				CLANG_WARN_NON_LITERAL_NULL_CONVERSION = YES;
				CLANG_WARN_OBJC_IMPLICIT_RETAIN_SELF = YES;
				CLANG_WARN_OBJC_LITERAL_CONVERSION = YES;
				CLANG_WARN_OBJC_ROOT_CLASS = YES_ERROR;
				CLANG_WARN_QUOTED_INCLUDE_IN_FRAMEWORK_HEADER = YES;
				CLANG_WARN_RANGE_LOOP_ANALYSIS = YES;
				CLANG_WARN_STRICT_PROTOTYPES = YES;
				CLANG_WARN_SUSPICIOUS_MOVE = YES;
				CLANG_WARN_UNGUARDED_AVAILABILITY = YES_AGGRESSIVE;
				CLANG_WARN_UNREACHABLE_CODE = YES;
				CLANG_WARN__DUPLICATE_METHOD_MATCH = YES;
				COPY_PHASE_STRIP = NO;
				DEBUG_INFORMATION_FORMAT = dwarf;
				ENABLE_STRICT_OBJC_MSGSEND = YES;
				ENABLE_TESTABILITY = YES;
				ENABLE_USER_SCRIPT_SANDBOXING = YES;
				GCC_C_LANGUAGE_STANDARD = gnu17;
				GCC_DYNAMIC_NO_PIC = NO;
				GCC_NO_COMMON_BLOCKS = YES;
				GCC_OPTIMIZATION_LEVEL = 0;
				GCC_PREPROCESSOR_DEFINITIONS = (
					"DEBUG=1",
					"$(inherited)",
				);
				GCC_WARN_64_TO_32_BIT_CONVERSION = YES;
				GCC_WARN_ABOUT_RETURN_TYPE = YES_ERROR;
				GCC_WARN_UNDECLARED_SELECTOR = YES;
				GCC_WARN_UNINITIALIZED_AUTOS = YES_AGGRESSIVE;
				GCC_WARN_UNUSED_FUNCTION = YES;
				GCC_WARN_UNUSED_VARIABLE = YES;
				LOCALIZATION_PREFERS_STRING_CATALOGS = YES;
				MTL_ENABLE_DEBUG_INFO = INCLUDE_SOURCE;
				MTL_FAST_MATH = YES;
				ONLY_ACTIVE_ARCH = YES;
				SWIFT_ACTIVE_COMPILATION_CONDITIONS = "DEBUG $(inherited)";
				SWIFT_OPTIMIZATION_LEVEL = "-Onone";
			};
			name = Debug;
		};
		5C3D7ADE2E88BF2600949B4F /* Release */ = {
			isa = XCBuildConfiguration;
			buildSettings = {
				ALWAYS_SEARCH_USER_PATHS = NO;
				ASSETCATALOG_COMPILER_GENERATE_SWIFT_ASSET_SYMBOL_EXTENSIONS = YES;
				CLANG_ANALYZER_NONNULL = YES;
				CLANG_ANALYZER_NUMBER_OBJECT_CONVERSION = YES_AGGRESSIVE;
				CLANG_CXX_LANGUAGE_STANDARD = "gnu++20";
				CLANG_ENABLE_MODULES = YES;
				CLANG_ENABLE_OBJC_ARC = YES;
				CLANG_ENABLE_OBJC_WEAK = YES;
				CLANG_WARN_BLOCK_CAPTURE_AUTORELEASING = YES;
				CLANG_WARN_BOOL_CONVERSION = YES;
				CLANG_WARN_COMMA = YES;
				CLANG_WARN_CONSTANT_CONVERSION = YES;
				CLANG_WARN_DEPRECATED_OBJC_IMPLEMENTATIONS = YES;
				CLANG_WARN_DIRECT_OBJC_ISA_USAGE = YES_ERROR;
				CLANG_WARN_DOCUMENTATION_COMMENTS = YES;
				CLANG_WARN_EMPTY_BODY = YES;
				CLANG_WARN_ENUM_CONVERSION = YES;
				CLANG_WARN_INFINITE_RECURSION = YES;
				CLANG_WARN_INT_CONVERSION = YES;
				CLANG_WARN_NON_LITERAL_NULL_CONVERSION = YES;
				CLANG_WARN_OBJC_IMPLICIT_RETAIN_SELF = YES;
				CLANG_WARN_OBJC_LITERAL_CONVERSION = YES;
				CLANG_WARN_OBJC_ROOT_CLASS = YES_ERROR;
				CLANG_WARN_QUOTED_INCLUDE_IN_FRAMEWORK_HEADER = YES;
				CLANG_WARN_RANGE_LOOP_ANALYSIS = YES;
				CLANG_WARN_STRICT_PROTOTYPES = YES;
				CLANG_WARN_SUSPICIOUS_MOVE = YES;
				CLANG_WARN_UNGUARDED_AVAILABILITY = YES_AGGRESSIVE;
				CLANG_WARN_UNREACHABLE_CODE = YES;
				CLANG_WARN__DUPLICATE_METHOD_MATCH = YES;
				COPY_PHASE_STRIP = NO;
				DEBUG_INFORMATION_FORMAT = "dwarf-with-dsym";
				ENABLE_NS_ASSERTIONS = NO;
				ENABLE_STRICT_OBJC_MSGSEND = YES;
				ENABLE_USER_SCRIPT_SANDBOXING = YES;
				GCC_C_LANGUAGE_STANDARD = gnu17;
				GCC_NO_COMMON_BLOCKS = YES;
				GCC_WARN_64_TO_32_BIT_CONVERSION = YES;
				GCC_WARN_ABOUT_RETURN_TYPE = YES_ERROR;
				GCC_WARN_UNDECLARED_SELECTOR = YES;
				GCC_WARN_UNINITIALIZED_AUTOS = YES_AGGRESSIVE;
				GCC_WARN_UNUSED_FUNCTION = YES;
				GCC_WARN_UNUSED_VARIABLE = YES;
				LOCALIZATION_PREFERS_STRING_CATALOGS = YES;
				MTL_ENABLE_DEBUG_INFO = NO;
				MTL_FAST_MATH = YES;
				SWIFT_COMPILATION_MODE = wholemodule;
			};
			name = Release;
		};
		5C3D7AE02E88BF2600949B4F /* Debug */ = {
			isa = XCBuildConfiguration;
			buildSettings = {
				ASSETCATALOG_COMPILER_APPICON_NAME = AppIcon;
				ASSETCATALOG_COMPILER_GLOBAL_ACCENT_COLOR_NAME = AccentColor;
				CODE_SIGN_ENTITLEMENTS = cards/cards.entitlements;
				CODE_SIGN_STYLE = Automatic;
				CURRENT_PROJECT_VERSION = 1;
				DEVELOPMENT_ASSET_PATHS = "\"cards/Preview Content\"";
				ENABLE_PREVIEWS = YES;
				GENERATE_INFOPLIST_FILE = YES;
				"INFOPLIST_KEY_UIApplicationSceneManifest_Generation[sdk=iphoneos*]" = YES;
				"INFOPLIST_KEY_UIApplicationSceneManifest_Generation[sdk=iphonesimulator*]" = YES;
				"INFOPLIST_KEY_UIApplicationSupportsIndirectInputEvents[sdk=iphoneos*]" = YES;
				"INFOPLIST_KEY_UIApplicationSupportsIndirectInputEvents[sdk=iphonesimulator*]" = YES;
				"INFOPLIST_KEY_UILaunchScreen_Generation[sdk=iphoneos*]" = YES;
				"INFOPLIST_KEY_UILaunchScreen_Generation[sdk=iphonesimulator*]" = YES;
				"INFOPLIST_KEY_UIStatusBarStyle[sdk=iphoneos*]" = UIStatusBarStyleDefault;
				"INFOPLIST_KEY_UIStatusBarStyle[sdk=iphonesimulator*]" = UIStatusBarStyleDefault;
				INFOPLIST_KEY_UISupportedInterfaceOrientations_iPad = "UIInterfaceOrientationPortrait UIInterfaceOrientationPortraitUpsideDown UIInterfaceOrientationLandscapeLeft UIInterfaceOrientationLandscapeRight";
				INFOPLIST_KEY_UISupportedInterfaceOrientations_iPhone = "UIInterfaceOrientationPortrait UIInterfaceOrientationLandscapeLeft UIInterfaceOrientationLandscapeRight";
				IPHONEOS_DEPLOYMENT_TARGET = 18.2;
				LD_RUNPATH_SEARCH_PATHS = "@executable_path/Frameworks";
				"LD_RUNPATH_SEARCH_PATHS[sdk=macosx*]" = "@executable_path/../Frameworks";
				MACOSX_DEPLOYMENT_TARGET = 15.2;
				MARKETING_VERSION = 1.0;
				PRODUCT_BUNDLE_IDENTIFIER = com.example.cards;
				PRODUCT_NAME = "$(TARGET_NAME)";
				SDKROOT = auto;
				SUPPORTED_PLATFORMS = "iphoneos iphonesimulator macosx xros xrsimulator";
				SWIFT_EMIT_LOC_STRINGS = YES;
				SWIFT_VERSION = 5.0;
				TARGETED_DEVICE_FAMILY = "1,2,7";
				XROS_DEPLOYMENT_TARGET = 2.2;
			};
			name = Debug;
		};
		5C3D7AE12E88BF2600949B4F /* Release */ = {
			isa = XCBuildConfiguration;
			buildSettings = {
				ASSETCATALOG_COMPILER_APPICON_NAME = AppIcon;
				ASSETCATALOG_COMPILER_GLOBAL_ACCENT_COLOR_NAME = AccentColor;
				CODE_SIGN_ENTITLEMENTS = cards/cards.entitlements;
				CODE_SIGN_STYLE = Automatic;
				CURRENT_PROJECT_VERSION = 1;
				DEVELOPMENT_ASSET_PATHS = "\"cards/Preview Content\"";
				ENABLE_PREVIEWS = YES;
				GENERATE_INFOPLIST_FILE = YES;
				"INFOPLIST_KEY_UIApplicationSceneManifest_Generation[sdk=iphoneos*]" = YES;
				"INFOPLIST_KEY_UIApplicationSceneManifest_Generation[sdk=iphonesimulator*]" = YES;
				"INFOPLIST_KEY_UIApplicationSupportsIndirectInputEvents[sdk=iphoneos*]" = YES;
				"INFOPLIST_KEY_UIApplicationSupportsIndirectInputEvents[sdk=iphonesimulator*]" = YES;
				"INFOPLIST_KEY_UILaunchScreen_Generation[sdk=iphoneos*]" = YES;
				"INFOPLIST_KEY_UILaunchScreen_Generation[sdk=iphonesimulator*]" = YES;
				"INFOPLIST_KEY_UIStatusBarStyle[sdk=iphoneos*]" = UIStatusBarStyleDefault;
				"INFOPLIST_KEY_UIStatusBarStyle[sdk=iphonesimulator*]" = UIStatusBarStyleDefault;
				INFOPLIST_KEY_UISupportedInterfaceOrientations_iPad = "UIInterfaceOrientationPortrait UIInterfaceOrientationPortraitUpsideDown UIInterfaceOrientationLandscapeLeft UIInterfaceOrientationLandscapeRight";
				INFOPLIST_KEY_UISupportedInterfaceOrientations_iPhone = "UIInterfaceOrientationPortrait UIInterfaceOrientationLandscapeLeft UIInterfaceOrientationLandscapeRight";
				IPHONEOS_DEPLOYMENT_TARGET = 18.2;
				LD_RUNPATH_SEARCH_PATHS = "@executable_path/Frameworks";
				"LD_RUNPATH_SEARCH_PATHS[sdk=macosx*]" = "@executable_path/../Frameworks";
				MACOSX_DEPLOYMENT_TARGET = 15.2;
				MARKETING_VERSION = 1.0;
				PRODUCT_BUNDLE_IDENTIFIER = com.example.cards;
				PRODUCT_NAME = "$(TARGET_NAME)";
				SDKROOT = auto;
				SUPPORTED_PLATFORMS = "iphoneos iphonesimulator macosx xros xrsimulator";
				SWIFT_EMIT_LOC_STRINGS = YES;
				SWIFT_VERSION = 5.0;
				TARGETED_DEVICE_FAMILY = "1,2,7";
				XROS_DEPLOYMENT_TARGET = 2.2;
			};
			name = Release;
		};
		5C3D7AE32E88BF2600949B4F /* Debug */ = {
			isa = XCBuildConfiguration;
			buildSettings = {
				BUNDLE_LOADER = "$(TEST_HOST)";
				CODE_SIGN_STYLE = Automatic;
				CURRENT_PROJECT_VERSION = 1;
				GENERATE_INFOPLIST_FILE = YES;
				IPHONEOS_DEPLOYMENT_TARGET = 18.2;
				MACOSX_DEPLOYMENT_TARGET = 15.2;
				MARKETING_VERSION = 1.0;
				PRODUCT_BUNDLE_IDENTIFIER = com.example.cardsTests;
				PRODUCT_NAME = "$(TARGET_NAME)";
				SDKROOT = auto;
				SUPPORTED_PLATFORMS = "iphoneos iphonesimulator macosx xros xrsimulator";
				SWIFT_EMIT_LOC_STRINGS = NO;
				SWIFT_VERSION = 5.0;
				TARGETED_DEVICE_FAMILY = "1,2,7";
				TEST_HOST = "$(BUILT_PRODUCTS_DIR)/cards.app/$(BUNDLE_EXECUTABLE_FOLDER_PATH)/cards";
				XROS_DEPLOYMENT_TARGET = 2.2;
			};
			name = Debug;
		};
		5C3D7AE42E88BF2600949B4F /* Release */ = {
			isa = XCBuildConfiguration;
			buildSettings = {
				BUNDLE_LOADER = "$(TEST_HOST)";
				CODE_SIGN_STYLE = Automatic;
				CURRENT_PROJECT_VERSION = 1;
				GENERATE_INFOPLIST_FILE = YES;
				IPHONEOS_DEPLOYMENT_TARGET = 18.2;
				MACOSX_DEPLOYMENT_TARGET = 15.2;
				MARKETING_VERSION = 1.0;
				PRODUCT_BUNDLE_IDENTIFIER = com.example.cardsTests;
				PRODUCT_NAME = "$(TARGET_NAME)";
				SDKROOT = auto;
				SUPPORTED_PLATFORMS = "iphoneos iphonesimulator macosx xros xrsimulator";
				SWIFT_EMIT_LOC_STRINGS = NO;
				SWIFT_VERSION = 5.0;
				TARGETED_DEVICE_FAMILY = "1,2,7";
				TEST_HOST = "$(BUILT_PRODUCTS_DIR)/cards.app/$(BUNDLE_EXECUTABLE_FOLDER_PATH)/cards";
				XROS_DEPLOYMENT_TARGET = 2.2;
			};
			name = Release;
		};
		5C3D7AE62E88BF2600949B4F /* Debug */ = {
			isa = XCBuildConfiguration;
			buildSettings = {
				CODE_SIGN_STYLE = Automatic;
				CURRENT_PROJECT_VERSION = 1;
				GENERATE_INFOPLIST_FILE = YES;
				IPHONEOS_DEPLOYMENT_TARGET = 18.2;
				MACOSX_DEPLOYMENT_TARGET = 15.2;
				MARKETING_VERSION = 1.0;
				PRODUCT_BUNDLE_IDENTIFIER = com.example.cardsUITests;
				PRODUCT_NAME = "$(TARGET_NAME)";
				SDKROOT = auto;
				SUPPORTED_PLATFORMS = "iphoneos iphonesimulator macosx xros xrsimulator";
				SWIFT_EMIT_LOC_STRINGS = NO;
				SWIFT_VERSION = 5.0;
				TARGETED_DEVICE_FAMILY = "1,2,7";
				TEST_TARGET_NAME = cards;
				XROS_DEPLOYMENT_TARGET = 2.2;
			};
			name = Debug;
		};
		5C3D7AE72E88BF2600949B4F /* Release */ = {
			isa = XCBuildConfiguration;
			buildSettings = {
				CODE_SIGN_STYLE = Automatic;
				CURRENT_PROJECT_VERSION = 1;
				GENERATE_INFOPLIST_FILE = YES;
				IPHONEOS_DEPLOYMENT_TARGET = 18.2;
				MACOSX_DEPLOYMENT_TARGET = 15.2;
				MARKETING_VERSION = 1.0;
				PRODUCT_BUNDLE_IDENTIFIER = com.example.cardsUITests;
				PRODUCT_NAME = "$(TARGET_NAME)";
				SDKROOT = auto;
				SUPPORTED_PLATFORMS = "iphoneos iphonesimulator macosx xros xrsimulator";
				SWIFT_EMIT_LOC_STRINGS = NO;
				SWIFT_VERSION = 5.0;
				TARGETED_DEVICE_FAMILY = "1,2,7";
				TEST_TARGET_NAME = cards;
				XROS_DEPLOYMENT_TARGET = 2.2;
			};
			name = Release;
		};
/* End XCBuildConfiguration section */

/* Begin XCConfigurationList section */
		5C3D7AB52E88BF2500949B4F /* Build configuration list for PBXProject "cards" */ = {
			isa = XCConfigurationList;
			buildConfigurations = (
				5C3D7ADD2E88BF2600949B4F /* Debug */,
				5C3D7ADE2E88BF2600949B4F /* Release */,
			);
			defaultConfigurationIsVisible = 0;
			defaultConfigurationName = Release;
		};
		5C3D7ADF2E88BF2600949B4F /* Build configuration list for PBXNativeTarget "cards" */ = {
			isa = XCConfigurationList;
			buildConfigurations = (
				5C3D7AE02E88BF2600949B4F /* Debug */,
				5C3D7AE12E88BF2600949B4F /* Release */,
			);
			defaultConfigurationIsVisible = 0;
			defaultConfigurationName = Release;
		};
		5C3D7AE22E88BF2600949B4F /* Build configuration list for PBXNativeTarget "cardsTests" */ = {
			isa = XCConfigurationList;
			buildConfigurations = (
				5C3D7AE32E88BF2600949B4F /* Debug */,
				5C3D7AE42E88BF2600949B4F /* Release */,
			);
			defaultConfigurationIsVisible = 0;
			defaultConfigurationName = Release;
		};
		5C3D7AE52E88BF2600949B4F /* Build configuration list for PBXNativeTarget "cardsUITests" */ = {
			isa = XCConfigurationList;
			buildConfigurations = (
				5C3D7AE62E88BF2600949B4F /* Debug */,
				5C3D7AE72E88BF2600949B4F /* Release */,
			);
			defaultConfigurationIsVisible = 0;
			defaultConfigurationName = Release;
		};
/* End XCConfigurationList section */
	};
	rootObject = 5C3D7AB22E88BF2500949B4F /* Project object */;
}
